
Microsoft Visual Studio Solution File, Format Version 12.00
# Visual Studio Version 18
VisualStudioVersion = 18.5.11709.299 stable
MinimumVisualStudioVersion = 10.0.40219.1
Project("{FAE04EC0-301F-11D3-BF4B-00C04F79EFBC}") = "CommunicationServices", "CommunicationProject\CommunicationServices.csproj", "{FDFF2CD8-63D8-67C7-6676-9F006920EB38}"
EndProject
Project("{FAE04EC0-301F-11D3-BF4B-00C04F79EFBC}") = "LoadTest", "LoadTestProject\LoadTest.csproj", "{5E3544E6-8A73-4FAD-B708-8A8A2795A6B2}"
EndProject
Global
	GlobalSection(SolutionConfigurationPlatforms) = preSolution
		Debug|Any CPU = Debug|Any CPU
		Release|Any CPU = Release|Any CPU
	EndGlobalSection
	GlobalSection(ProjectConfigurationPlatforms) = postSolution
		{FDFF2CD8-63D8-67C7-6676-9F006920EB38}.Debug|Any CPU.ActiveCfg = Debug|Any CPU
		{FDFF2CD8-63D8-67C7-6676-9F006920EB38}.Debug|Any CPU.Build.0 = Debug|Any CPU
		{FDFF2CD8-63D8-67C7-6676-9F006920EB38}.Release|Any CPU.ActiveCfg = Release|Any CPU
		{FDFF2CD8-63D8-67C7-6676-9F006920EB38}.Release|Any CPU.Build.0 = Release|Any CPU
		{5E3544E6-8A73-4FAD-B708-8A8A2795A6B2}.Debug|Any CPU.ActiveCfg = Debug|Any CPU
		{5E3544E6-8A73-4FAD-B708-8A8A2795A6B2}.Debug|Any CPU.Build.0 = Debug|Any CPU
		{5E3544E6-8A73-4FAD-B708-8A8A2795A6B2}.Release|Any CPU.ActiveCfg = Release|Any CPU
		{5E3544E6-8A73-4FAD-B708-8A8A2795A6B2}.Release|Any CPU.Build.0 = Release|Any CPU
	EndGlobalSection
	GlobalSection(SolutionProperties) = preSolution
		HideSolutionNode = FALSE
	EndGlobalSection
	GlobalSection(ExtensibilityGlobals) = postSolution
		SolutionGuid = {F8271A3F-5887-4DBD-847C-10B2DA495E50}
	EndGlobalSection
EndGlobal
